<?xml version="1.0" encoding="utf-8"?>
<Project ToolsVersion="4.0" xmlns="http://schemas.microsoft.com/developer/msbuild/2003">
  <ItemGroup>
    <ClCompile Include="WinMain.cpp" />
    <ClCompile Include="Player.cpp" />
    <ClCompile Include="Camera.cpp" />
    <ClCompile Include="EnemyManager.cpp">
      <Filter>Enemy</Filter>
    </ClCompile>
    <ClCompile Include="Enemy.cpp">
      <Filter>Enemy</Filter>
    </ClCompile>
    <ClCompile Include="Level.cpp">
      <Filter>Levle</Filter>
    </ClCompile>
    <ClCompile Include="Bullet.cpp">
      <Filter>Enemy</Filter>
    </ClCompile>
  </ItemGroup>
  <ItemGroup>
    <ClInclude Include="Player.h" />
    <ClInclude Include="Camera.h" />
    <ClInclude Include="EnemyManager.h">
      <Filter>Enemy</Filter>
    </ClInclude>
    <ClInclude Include="Enemy.h">
      <Filter>Enemy</Filter>
    </ClInclude>
    <ClInclude Include="Level.h">
      <Filter>Levle</Filter>
    </ClInclude>
    <ClInclude Include="Bullet.h">
      <Filter>Enemy</Filter>
    </ClInclude>
  </ItemGroup>
  <ItemGroup>
    <Filter Include="Enemy">
      <UniqueIdentifier>{dba06897-7ad5-4a11-b773-3bcb0d69f6f2}</UniqueIdentifier>
    </Filter>
    <Filter Include="Levle">
      <UniqueIdentifier>{6768dcc9-4245-455b-b195-14010452de08}</UniqueIdentifier>
    </Filter>
  </ItemGroup>
  <ItemGroup>
    <Text Include="Level.txt">
      <Filter>Levle</Filter>
    </Text>
  </ItemGroup>
</Project>